
Microsoft Visual Studio Solution File, Format Version 12.00
# Visual Studio Version 17
VisualStudioVersion = 17.7.34031.279
MinimumVisualStudioVersion = 10.0.40219.1
Project("{FAE04EC0-301F-11D3-BF4B-00C04F79EFBC}") = "Toteutuneet työajat1", "Toteutuneet työajat1.csproj", "{C453D36C-B4FD-4A50-8B66-1CE41FE93AD2}"
EndProject
Global
	GlobalSection(SolutionConfigurationPlatforms) = preSolution
		Debug|Any CPU = Debug|Any CPU
		Release|Any CPU = Release|Any CPU
	EndGlobalSection
	GlobalSection(ProjectConfigurationPlatforms) = postSolution
		{C453D36C-B4FD-4A50-8B66-1CE41FE93AD2}.Debug|Any CPU.ActiveCfg = Debug|Any CPU
		{C453D36C-B4FD-4A50-8B66-1CE41FE93AD2}.Debug|Any CPU.Build.0 = Debug|Any CPU
		{C453D36C-B4FD-4A50-8B66-1CE41FE93AD2}.Release|Any CPU.ActiveCfg = Release|Any CPU
		{C453D36C-B4FD-4A50-8B66-1CE41FE93AD2}.Release|Any CPU.Build.0 = Release|Any CPU
	EndGlobalSection
	GlobalSection(SolutionProperties) = preSolution
		HideSolutionNode = FALSE
	EndGlobalSection
	GlobalSection(ExtensibilityGlobals) = postSolution
		SolutionGuid = {D208B5D7-7D49-4268-9E03-BED11176B1B3}
	EndGlobalSection
EndGlobal
